
Microsoft Visual Studio Solution File, Format Version 12.00
# Visual Studio Version 17
VisualStudioVersion = 17.8.34330.188
MinimumVisualStudioVersion = 10.0.40219.1
Project("{FAE04EC0-301F-11D3-BF4B-00C04F79EFBC}") = "Aplicatie1", "Aplicatie1\Aplicatie1.csproj", "{9F962EC6-0244-418D-BBAF-FC75AE41EADA}"
EndProject
Global
	GlobalSection(SolutionConfigurationPlatforms) = preSolution
		Debug|Any CPU = Debug|Any CPU
		Release|Any CPU = Release|Any CPU
	EndGlobalSection
	GlobalSection(ProjectConfigurationPlatforms) = postSolution
		{9F962EC6-0244-418D-BBAF-FC75AE41EADA}.Debug|Any CPU.ActiveCfg = Debug|Any CPU
		{9F962EC6-0244-418D-BBAF-FC75AE41EADA}.Debug|Any CPU.Build.0 = Debug|Any CPU
		{9F962EC6-0244-418D-BBAF-FC75AE41EADA}.Release|Any CPU.ActiveCfg = Release|Any CPU
		{9F962EC6-0244-418D-BBAF-FC75AE41EADA}.Release|Any CPU.Build.0 = Release|Any CPU
	EndGlobalSection
	GlobalSection(SolutionProperties) = preSolution
		HideSolutionNode = FALSE
	EndGlobalSection
	GlobalSection(ExtensibilityGlobals) = postSolution
		SolutionGuid = {37A4FFC3-0A28-40AB-9462-EC9504EC1FE7}
	EndGlobalSection
EndGlobal
